<?xml version="1.0" encoding="utf-8"?>
<Project ToolsVersion="4.0" xmlns="http://schemas.microsoft.com/developer/msbuild/2003">
  <ItemGroup>
    <Filter Include="Source Files">
      <UniqueIdentifier>{4FC737F1-C7A5-4376-A066-2A32D752A2FF}</UniqueIdentifier>
      <Extensions>cpp;c;cc;cxx;def;odl;idl;hpj;bat;asm;asmx</Extensions>
    </Filter>
    <Filter Include="Source Files\Patches">
      <UniqueIdentifier>{217e5b85-4259-4abe-8ce7-478737c65f03}</UniqueIdentifier>
    </Filter>
    <Filter Include="Source Files\Patches\MP">
      <UniqueIdentifier>{9a9c9ebf-f90a-433d-be86-c6c0222e1dbf}</UniqueIdentifier>
    </Filter>
    <Filter Include="Source Files\Patches\SP">
      <UniqueIdentifier>{d3db9d77-07c9-49f0-b34c-aa8b2ae638a1}</UniqueIdentifier>
    </Filter>
    <Filter Include="Source Files\Steam">
      <UniqueIdentifier>{e7e1f3eb-4af3-43a9-8922-ab10e564d7ff}</UniqueIdentifier>
    </Filter>
    <Filter Include="Source Files\Other">
      <UniqueIdentifier>{4449e0d7-ab2e-47d4-a165-8aa8170dbffe}</UniqueIdentifier>
    </Filter>
    <Filter Include="Source Files\AC">
      <UniqueIdentifier>{4ea04047-f5e8-486e-8ba8-264350ba779d}</UniqueIdentifier>
    </Filter>
    <Filter Include="Header Files">
      <UniqueIdentifier>{93995380-89BD-4b04-88EB-625FBE52EBFB}</UniqueIdentifier>
      <Extensions>h;hpp;hxx;hm;inl;inc;xsd</Extensions>
    </Filter>
    <Filter Include="Header Files\Steam">
      <UniqueIdentifier>{5fda3203-3d0c-4309-95d9-d21258de2419}</UniqueIdentifier>
    </Filter>
    <Filter Include="Header Files\Patches">
      <UniqueIdentifier>{093554c2-3498-4779-8fa5-7191076713a8}</UniqueIdentifier>
    </Filter>
    <Filter Include="Header Files\AC">
      <UniqueIdentifier>{b2fc9a00-1f87-4a1b-947b-fda13bf088a4}</UniqueIdentifier>
    </Filter>
    <Filter Include="Header Files\Other">
      <UniqueIdentifier>{1c728016-12b8-4e62-bef4-6df23320b9cc}</UniqueIdentifier>
    </Filter>
    <Filter Include="Resource Files">
      <UniqueIdentifier>{67DA6AB6-F800-4c08-8B7A-83BB121AAD01}</UniqueIdentifier>
      <Extensions>rc;ico;cur;bmp;dlg;rc2;rct;bin;rgs;gif;jpg;jpeg;jpe;resx;tiff;tif;png;wav</Extensions>
    </Filter>
  </ItemGroup>
  <ItemGroup>
    <ClCompile Include="main.cpp">
      <Filter>Source Files</Filter>
    </ClCompile>
    <ClCompile Include="Hooking.cpp">
      <Filter>Source Files\Patches</Filter>
    </ClCompile>
    <ClCompile Include="T5.cpp">
      <Filter>Source Files\Patches</Filter>
    </ClCompile>
    <ClCompile Include="PatchT5.cpp">
      <Filter>Source Files\Patches\MP</Filter>
    </ClCompile>
    <ClCompile Include="PatchT5Branding.cpp">
      <Filter>Source Files\Patches\MP</Filter>
    </ClCompile>
    <ClCompile Include="PatchT5Commands.cpp">
      <Filter>Source Files\Patches\MP</Filter>
    </ClCompile>
    <ClCompile Include="PatchT5Download.cpp">
      <Filter>Source Files\Patches\MP</Filter>
    </ClCompile>
    <ClCompile Include="PatchT5NoBorder.cpp">
      <Filter>Source Files\Patches\MP</Filter>
    </ClCompile>
    <ClCompile Include="PatchT5SuicideMessages.cpp">
      <Filter>Source Files\Patches\MP</Filter>
    </ClCompile>
    <ClCompile Include="PatchT5Validate.cpp">
      <Filter>Source Files\Patches\MP</Filter>
    </ClCompile>
    <ClCompile Include="PatchSP.cpp">
      <Filter>Source Files\Patches\SP</Filter>
    </ClCompile>
    <ClCompile Include="PatchSPBranding.cpp">
      <Filter>Source Files\Patches\SP</Filter>
    </ClCompile>
    <ClCompile Include="steam_api.cpp">
      <Filter>Source Files\Steam</Filter>
    </ClCompile>
    <ClCompile Include="SteamApps003.cpp">
      <Filter>Source Files\Steam</Filter>
    </ClCompile>
    <ClCompile Include="SteamBase.cpp">
      <Filter>Source Files\Steam</Filter>
    </ClCompile>
    <ClCompile Include="SteamFriends007.cpp">
      <Filter>Source Files\Steam</Filter>
    </ClCompile>
    <ClCompile Include="SteamGameServer010.cpp">
      <Filter>Source Files\Steam</Filter>
    </ClCompile>
    <ClCompile Include="SteamMasterServerUpdater001.cpp">
      <Filter>Source Files\Steam</Filter>
    </ClCompile>
    <ClCompile Include="SteamNetworking004.cpp">
      <Filter>Source Files\Steam</Filter>
    </ClCompile>
    <ClCompile Include="SteamUser014.cpp">
      <Filter>Source Files\Steam</Filter>
    </ClCompile>
    <ClCompile Include="SteamUserStats007.cpp">
      <Filter>Source Files\Steam</Filter>
    </ClCompile>
    <ClCompile Include="SteamUtils005.cpp">
      <Filter>Source Files\Steam</Filter>
    </ClCompile>
    <ClCompile Include="anticode.cpp">
      <Filter>Source Files\Other</Filter>
    </ClCompile>
    <ClCompile Include="Auth.cpp">
      <Filter>Source Files\Other</Filter>
    </ClCompile>
    <ClCompile Include="diskinfo.cpp">
      <Filter>Source Files\Other</Filter>
    </ClCompile>
    <ClCompile Include="hwbrk.cpp">
      <Filter>Source Files\Other</Filter>
    </ClCompile>
    <ClCompile Include="Logger.cpp">
      <Filter>Source Files\Other</Filter>
    </ClCompile>
    <ClCompile Include="Utils.cpp">
      <Filter>Source Files\Other</Filter>
    </ClCompile>
    <ClCompile Include="Detections.cpp">
      <Filter>Source Files\AC</Filter>
    </ClCompile>
    <ClCompile Include="GetCommandLine.cpp">
      <Filter>Source Files\AC</Filter>
    </ClCompile>
    <ClCompile Include="T5sph4x.cpp">
      <Filter>Source Files\AC</Filter>
    </ClCompile>
    <ClCompile Include="Tools.cpp">
      <Filter>Source Files\AC</Filter>
    </ClCompile>
  </ItemGroup>
  <ItemGroup>
    <ClInclude Include="..\..\deps\tools\buildnumber.h">
      <Filter>Header Files</Filter>
    </ClInclude>
    <ClInclude Include="SteamApps003.h">
      <Filter>Header Files\Steam</Filter>
    </ClInclude>
    <ClInclude Include="SteamBase.h">
      <Filter>Header Files\Steam</Filter>
    </ClInclude>
    <ClInclude Include="SteamFriends007.h">
      <Filter>Header Files\Steam</Filter>
    </ClInclude>
    <ClInclude Include="SteamGameServer010.h">
      <Filter>Header Files\Steam</Filter>
    </ClInclude>
    <ClInclude Include="SteamMasterServerUpdater001.h">
      <Filter>Header Files\Steam</Filter>
    </ClInclude>
    <ClInclude Include="SteamNetworking004.h">
      <Filter>Header Files\Steam</Filter>
    </ClInclude>
    <ClInclude Include="SteamUser014.h">
      <Filter>Header Files\Steam</Filter>
    </ClInclude>
    <ClInclude Include="SteamUserStats007.h">
      <Filter>Header Files\Steam</Filter>
    </ClInclude>
    <ClInclude Include="SteamUtils005.h">
      <Filter>Header Files\Steam</Filter>
    </ClInclude>
    <ClInclude Include="Hooking.h">
      <Filter>Header Files\Patches</Filter>
    </ClInclude>
    <ClInclude Include="T5.h">
      <Filter>Header Files\Patches</Filter>
    </ClInclude>
    <ClInclude Include="diskinfo.h">
      <Filter>Header Files\Other</Filter>
    </ClInclude>
    <ClInclude Include="hwbrk.h">
      <Filter>Header Files\Other</Filter>
    </ClInclude>
    <ClInclude Include="stdinc.h">
      <Filter>Header Files\Other</Filter>
    </ClInclude>
    <ClInclude Include="Utils.h">
      <Filter>Header Files\Other</Filter>
    </ClInclude>
  </ItemGroup>
</Project>